
Microsoft Visual Studio Solution File, Format Version 12.00
# Visual Studio Version 16
VisualStudioVersion = 16.0.33529.622
MinimumVisualStudioVersion = 10.0.40219.1
Project("{FAE04EC0-301F-11D3-BF4B-00C04F79EFBC}") = "XayDungLopStopWatch", "XayDungLopStopWatch.csproj", "{48BB41DE-781E-4CC1-8186-8487B9C0B6EA}"
EndProject
Global
	GlobalSection(SolutionConfigurationPlatforms) = preSolution
		Debug|Any CPU = Debug|Any CPU
		Release|Any CPU = Release|Any CPU
	EndGlobalSection
	GlobalSection(ProjectConfigurationPlatforms) = postSolution
		{48BB41DE-781E-4CC1-8186-8487B9C0B6EA}.Debug|Any CPU.ActiveCfg = Debug|Any CPU
		{48BB41DE-781E-4CC1-8186-8487B9C0B6EA}.Debug|Any CPU.Build.0 = Debug|Any CPU
		{48BB41DE-781E-4CC1-8186-8487B9C0B6EA}.Release|Any CPU.ActiveCfg = Release|Any CPU
		{48BB41DE-781E-4CC1-8186-8487B9C0B6EA}.Release|Any CPU.Build.0 = Release|Any CPU
	EndGlobalSection
	GlobalSection(SolutionProperties) = preSolution
		HideSolutionNode = FALSE
	EndGlobalSection
	GlobalSection(ExtensibilityGlobals) = postSolution
		SolutionGuid = {4A9126D1-DC61-4D27-8D2B-A8A042BEE8D2}
	EndGlobalSection
EndGlobal
